Microsoft Visual Studio Solution File, Format Version 12.00
# Visual Studio Version 17
VisualStudioVersion = 17.2.32210.308
MinimumVisualStudioVersion = 15.0.26124.0
Project("{2150E333-8FDC-42A3-9474-1A3956D46DE8}") = "Source", "Source", "{AF5D5ED9-95A7-49C0-A83C-6ED4A748AD16}"
EndProject
Project("{2150E333-8FDC-42A3-9474-1A3956D46DE8}") = "Platforms", "Platforms", "{E6043127-29C7-42BF-A6A5-B661DDEE3938}"
EndProject
Project("{9A19103F-16F7-4668-BE54-9A1E7A4F7556}") = "MySuperApp", "MySuperApp\MySuperApp.csproj", "{8235683D-06BF-41B0-9D71-43C1AAF965F4}"
EndProject
Project("{9A19103F-16F7-4668-BE54-9A1E7A4F7556}") = "MySuperApp.Base", "MySuperApp.Base\MySuperApp.Base.csproj", "{2189102C-8698-4760-A2C5-ADED686F84E2}"
EndProject
Project("{9A19103F-16F7-4668-BE54-9A1E7A4F7556}") = "MySuperApp.Mobile", "MySuperApp.Mobile\MySuperApp.Mobile.csproj", "{BE9D14C8-11BF-45A9-9EAC-2D8AB9F1DBC9}"
EndProject
Project("{9A19103F-16F7-4668-BE54-9A1E7A4F7556}") = "MySuperApp.Wasm", "MySuperApp.Wasm\MySuperApp.Wasm.csproj", "{C25EF151-6334-4470-9B0F-EF850659E2C6}"
EndProject
Project("{9A19103F-16F7-4668-BE54-9A1E7A4F7556}") = "MySuperApp.Skia.Gtk", "MySuperApp.Skia.Gtk\MySuperApp.Skia.Gtk.csproj", "{329A758A-4DA8-4394-8EF9-7C57373D2F1A}"
EndProject
Project("{9A19103F-16F7-4668-BE54-9A1E7A4F7556}") = "MySuperApp.Windows", "MySuperApp.Windows\MySuperApp.Windows.csproj", "{9BECFFA2-A92B-4EAF-9901-94C42C9AF769}"
EndProject
Project("{2150E333-8FDC-42A3-9474-1A3956D46DE8}") = "Solution Items", "Solution Items", "{BADA71DC-7FFD-4EDC-9F28-FB74AEADC713}"
	ProjectSection(SolutionItems) = preProject
		.gitignore = .gitignore
		Directory.Build.props = Directory.Build.props
		Directory.Build.targets = Directory.Build.targets
		Directory.Packages.props = Directory.Packages.props
		solution-config.props = solution-config.props
	EndProjectSection
EndProject
Global
	GlobalSection(SolutionConfigurationPlatforms) = preSolution
		Debug|Any CPU = Debug|Any CPU
		Debug|ARM = Debug|ARM
		Debug|ARM64 = Debug|ARM64
		Debug|iPhone = Debug|iPhone
		Debug|iPhoneSimulator = Debug|iPhoneSimulator
		Debug|x64 = Debug|x64
		Debug|x86 = Debug|x86
		Release|Any CPU = Release|Any CPU
		Release|ARM = Release|ARM
		Release|ARM64 = Release|ARM64
		Release|iPhone = Release|iPhone
		Release|iPhoneSimulator = Release|iPhoneSimulator
		Release|x64 = Release|x64
		Release|x86 = Release|x86
	EndGlobalSection
	GlobalSection(ProjectConfigurationPlatforms) = postSolution
		{8235683D-06BF-41B0-9D71-43C1AAF965F4}.Debug|Any CPU.ActiveCfg = Debug|Any CPU
		{8235683D-06BF-41B0-9D71-43C1AAF965F4}.Debug|Any CPU.Build.0 = Debug|Any CPU
		{8235683D-06BF-41B0-9D71-43C1AAF965F4}.Debug|ARM.ActiveCfg = Debug|Any CPU
		{8235683D-06BF-41B0-9D71-43C1AAF965F4}.Debug|ARM.Build.0 = Debug|Any CPU
		{8235683D-06BF-41B0-9D71-43C1AAF965F4}.Debug|ARM64.ActiveCfg = Debug|Any CPU
		{8235683D-06BF-41B0-9D71-43C1AAF965F4}.Debug|ARM64.Build.0 = Debug|Any CPU
		{8235683D-06BF-41B0-9D71-43C1AAF965F4}.Debug|iPhone.ActiveCfg = Debug|Any CPU
		{8235683D-06BF-41B0-9D71-43C1AAF965F4}.Debug|iPhone.Build.0 = Debug|Any CPU
		{8235683D-06BF-41B0-9D71-43C1AAF965F4}.Debug|iPhoneSimulator.ActiveCfg = Debug|Any CPU
		{8235683D-06BF-41B0-9D71-43C1AAF965F4}.Debug|iPhoneSimulator.Build.0 = Debug|Any CPU
		{8235683D-06BF-41B0-9D71-43C1AAF965F4}.Debug|x64.ActiveCfg = Debug|Any CPU
		{8235683D-06BF-41B0-9D71-43C1AAF965F4}.Debug|x64.Build.0 = Debug|Any CPU
		{8235683D-06BF-41B0-9D71-43C1AAF965F4}.Debug|x86.ActiveCfg = Debug|Any CPU
		{8235683D-06BF-41B0-9D71-43C1AAF965F4}.Debug|x86.Build.0 = Debug|Any CPU
		{8235683D-06BF-41B0-9D71-43C1AAF965F4}.Release|Any CPU.ActiveCfg = Release|Any CPU
		{8235683D-06BF-41B0-9D71-43C1AAF965F4}.Release|Any CPU.Build.0 = Release|Any CPU
		{8235683D-06BF-41B0-9D71-43C1AAF965F4}.Release|ARM.ActiveCfg = Release|Any CPU
		{8235683D-06BF-41B0-9D71-43C1AAF965F4}.Release|ARM.Build.0 = Release|Any CPU
		{8235683D-06BF-41B0-9D71-43C1AAF965F4}.Release|ARM64.ActiveCfg = Release|Any CPU
		{8235683D-06BF-41B0-9D71-43C1AAF965F4}.Release|ARM64.Build.0 = Release|Any CPU
		{8235683D-06BF-41B0-9D71-43C1AAF965F4}.Release|iPhone.ActiveCfg = Release|Any CPU
		{8235683D-06BF-41B0-9D71-43C1AAF965F4}.Release|iPhone.Build.0 = Release|Any CPU
		{8235683D-06BF-41B0-9D71-43C1AAF965F4}.Release|iPhoneSimulator.ActiveCfg = Release|Any CPU
		{8235683D-06BF-41B0-9D71-43C1AAF965F4}.Release|iPhoneSimulator.Build.0 = Release|Any CPU
		{8235683D-06BF-41B0-9D71-43C1AAF965F4}.Release|x64.ActiveCfg = Release|Any CPU
		{8235683D-06BF-41B0-9D71-43C1AAF965F4}.Release|x64.Build.0 = Release|Any CPU
		{8235683D-06BF-41B0-9D71-43C1AAF965F4}.Release|x86.ActiveCfg = Release|Any CPU
		{8235683D-06BF-41B0-9D71-43C1AAF965F4}.Release|x86.Build.0 = Release|Any CPU
		{2189102C-8698-4760-A2C5-ADED686F84E2}.Debug|Any CPU.ActiveCfg = Debug|Any CPU
		{2189102C-8698-4760-A2C5-ADED686F84E2}.Debug|Any CPU.Build.0 = Debug|Any CPU
		{2189102C-8698-4760-A2C5-ADED686F84E2}.Debug|ARM.ActiveCfg = Debug|Any CPU
		{2189102C-8698-4760-A2C5-ADED686F84E2}.Debug|ARM.Build.0 = Debug|Any CPU
		{2189102C-8698-4760-A2C5-ADED686F84E2}.Debug|ARM64.ActiveCfg = Debug|Any CPU
		{2189102C-8698-4760-A2C5-ADED686F84E2}.Debug|ARM64.Build.0 = Debug|Any CPU
		{2189102C-8698-4760-A2C5-ADED686F84E2}.Debug|iPhone.ActiveCfg = Debug|Any CPU
		{2189102C-8698-4760-A2C5-ADED686F84E2}.Debug|iPhone.Build.0 = Debug|Any CPU
		{2189102C-8698-4760-A2C5-ADED686F84E2}.Debug|iPhoneSimulator.ActiveCfg = Debug|Any CPU
		{2189102C-8698-4760-A2C5-ADED686F84E2}.Debug|iPhoneSimulator.Build.0 = Debug|Any CPU
		{2189102C-8698-4760-A2C5-ADED686F84E2}.Debug|x64.ActiveCfg = Debug|Any CPU
		{2189102C-8698-4760-A2C5-ADED686F84E2}.Debug|x64.Build.0 = Debug|Any CPU
		{2189102C-8698-4760-A2C5-ADED686F84E2}.Debug|x86.ActiveCfg = Debug|Any CPU
		{2189102C-8698-4760-A2C5-ADED686F84E2}.Debug|x86.Build.0 = Debug|Any CPU
		{2189102C-8698-4760-A2C5-ADED686F84E2}.Release|Any CPU.ActiveCfg = Release|Any CPU
		{2189102C-8698-4760-A2C5-ADED686F84E2}.Release|Any CPU.Build.0 = Release|Any CPU
		{2189102C-8698-4760-A2C5-ADED686F84E2}.Release|ARM.ActiveCfg = Release|Any CPU
		{2189102C-8698-4760-A2C5-ADED686F84E2}.Release|ARM.Build.0 = Release|Any CPU
		{2189102C-8698-4760-A2C5-ADED686F84E2}.Release|ARM64.ActiveCfg = Release|Any CPU
		{2189102C-8698-4760-A2C5-ADED686F84E2}.Release|ARM64.Build.0 = Release|Any CPU
		{2189102C-8698-4760-A2C5-ADED686F84E2}.Release|iPhone.ActiveCfg = Release|Any CPU
		{2189102C-8698-4760-A2C5-ADED686F84E2}.Release|iPhone.Build.0 = Release|Any CPU
		{2189102C-8698-4760-A2C5-ADED686F84E2}.Release|iPhoneSimulator.ActiveCfg = Release|Any CPU
		{2189102C-8698-4760-A2C5-ADED686F84E2}.Release|iPhoneSimulator.Build.0 = Release|Any CPU
		{2189102C-8698-4760-A2C5-ADED686F84E2}.Release|x64.ActiveCfg = Release|Any CPU
		{2189102C-8698-4760-A2C5-ADED686F84E2}.Release|x64.Build.0 = Release|Any CPU
		{2189102C-8698-4760-A2C5-ADED686F84E2}.Release|x86.ActiveCfg = Release|Any CPU
		{2189102C-8698-4760-A2C5-ADED686F84E2}.Release|x86.Build.0 = Release|Any CPU
		{BE9D14C8-11BF-45A9-9EAC-2D8AB9F1DBC9}.Debug|Any CPU.ActiveCfg = Debug|Any CPU
		{BE9D14C8-11BF-45A9-9EAC-2D8AB9F1DBC9}.Debug|Any CPU.Build.0 = Debug|Any CPU
		{BE9D14C8-11BF-45A9-9EAC-2D8AB9F1DBC9}.Debug|Any CPU.Deploy.0 = Debug|Any CPU
		{BE9D14C8-11BF-45A9-9EAC-2D8AB9F1DBC9}.Debug|ARM.ActiveCfg = Debug|Any CPU
		{BE9D14C8-11BF-45A9-9EAC-2D8AB9F1DBC9}.Debug|ARM.Build.0 = Debug|Any CPU
		{BE9D14C8-11BF-45A9-9EAC-2D8AB9F1DBC9}.Debug|ARM.Deploy.0 = Debug|Any CPU
		{BE9D14C8-11BF-45A9-9EAC-2D8AB9F1DBC9}.Debug|ARM64.ActiveCfg = Debug|Any CPU
		{BE9D14C8-11BF-45A9-9EAC-2D8AB9F1DBC9}.Debug|ARM64.Build.0 = Debug|Any CPU
		{BE9D14C8-11BF-45A9-9EAC-2D8AB9F1DBC9}.Debug|ARM64.Deploy.0 = Debug|Any CPU
		{BE9D14C8-11BF-45A9-9EAC-2D8AB9F1DBC9}.Debug|iPhone.ActiveCfg = Debug|Any CPU
		{BE9D14C8-11BF-45A9-9EAC-2D8AB9F1DBC9}.Debug|iPhone.Build.0 = Debug|Any CPU
		{BE9D14C8-11BF-45A9-9EAC-2D8AB9F1DBC9}.Debug|iPhone.Deploy.0 = Debug|Any CPU
		{BE9D14C8-11BF-45A9-9EAC-2D8AB9F1DBC9}.Debug|iPhoneSimulator.ActiveCfg = Debug|Any CPU
		{BE9D14C8-11BF-45A9-9EAC-2D8AB9F1DBC9}.Debug|iPhoneSimulator.Build.0 = Debug|Any CPU
		{BE9D14C8-11BF-45A9-9EAC-2D8AB9F1DBC9}.Debug|iPhoneSimulator.Deploy.0 = Debug|Any CPU
		{BE9D14C8-11BF-45A9-9EAC-2D8AB9F1DBC9}.Debug|x64.ActiveCfg = Debug|Any CPU
		{BE9D14C8-11BF-45A9-9EAC-2D8AB9F1DBC9}.Debug|x64.Build.0 = Debug|Any CPU
		{BE9D14C8-11BF-45A9-9EAC-2D8AB9F1DBC9}.Debug|x64.Deploy.0 = Debug|Any CPU
		{BE9D14C8-11BF-45A9-9EAC-2D8AB9F1DBC9}.Debug|x86.ActiveCfg = Debug|Any CPU
		{BE9D14C8-11BF-45A9-9EAC-2D8AB9F1DBC9}.Debug|x86.Build.0 = Debug|Any CPU
		{BE9D14C8-11BF-45A9-9EAC-2D8AB9F1DBC9}.Debug|x86.Deploy.0 = Debug|Any CPU
		{BE9D14C8-11BF-45A9-9EAC-2D8AB9F1DBC9}.Release|Any CPU.ActiveCfg = Release|Any CPU
		{BE9D14C8-11BF-45A9-9EAC-2D8AB9F1DBC9}.Release|Any CPU.Build.0 = Release|Any CPU
		{BE9D14C8-11BF-45A9-9EAC-2D8AB9F1DBC9}.Release|Any CPU.Deploy.0 = Release|Any CPU
		{BE9D14C8-11BF-45A9-9EAC-2D8AB9F1DBC9}.Release|ARM.ActiveCfg = Release|Any CPU
		{BE9D14C8-11BF-45A9-9EAC-2D8AB9F1DBC9}.Release|ARM.Build.0 = Release|Any CPU
		{BE9D14C8-11BF-45A9-9EAC-2D8AB9F1DBC9}.Release|ARM.Deploy.0 = Release|Any CPU
		{BE9D14C8-11BF-45A9-9EAC-2D8AB9F1DBC9}.Release|ARM64.ActiveCfg = Release|Any CPU
		{BE9D14C8-11BF-45A9-9EAC-2D8AB9F1DBC9}.Release|ARM64.Build.0 = Release|Any CPU
		{BE9D14C8-11BF-45A9-9EAC-2D8AB9F1DBC9}.Release|ARM64.Deploy.0 = Release|Any CPU
		{BE9D14C8-11BF-45A9-9EAC-2D8AB9F1DBC9}.Release|iPhone.ActiveCfg = Release|Any CPU
		{BE9D14C8-11BF-45A9-9EAC-2D8AB9F1DBC9}.Release|iPhone.Build.0 = Release|Any CPU
		{BE9D14C8-11BF-45A9-9EAC-2D8AB9F1DBC9}.Release|iPhone.Deploy.0 = Release|Any CPU
		{BE9D14C8-11BF-45A9-9EAC-2D8AB9F1DBC9}.Release|iPhoneSimulator.ActiveCfg = Release|Any CPU
		{BE9D14C8-11BF-45A9-9EAC-2D8AB9F1DBC9}.Release|iPhoneSimulator.Build.0 = Release|Any CPU
		{BE9D14C8-11BF-45A9-9EAC-2D8AB9F1DBC9}.Release|iPhoneSimulator.Deploy.0 = Release|Any CPU
		{BE9D14C8-11BF-45A9-9EAC-2D8AB9F1DBC9}.Release|x64.ActiveCfg = Release|Any CPU
		{BE9D14C8-11BF-45A9-9EAC-2D8AB9F1DBC9}.Release|x64.Build.0 = Release|Any CPU
		{BE9D14C8-11BF-45A9-9EAC-2D8AB9F1DBC9}.Release|x64.Deploy.0 = Release|Any CPU
		{BE9D14C8-11BF-45A9-9EAC-2D8AB9F1DBC9}.Release|x86.ActiveCfg = Release|Any CPU
		{BE9D14C8-11BF-45A9-9EAC-2D8AB9F1DBC9}.Release|x86.Build.0 = Release|Any CPU
		{BE9D14C8-11BF-45A9-9EAC-2D8AB9F1DBC9}.Release|x86.Deploy.0 = Release|Any CPU
		{C25EF151-6334-4470-9B0F-EF850659E2C6}.Debug|Any CPU.ActiveCfg = Debug|Any CPU
		{C25EF151-6334-4470-9B0F-EF850659E2C6}.Debug|Any CPU.Build.0 = Debug|Any CPU
		{C25EF151-6334-4470-9B0F-EF850659E2C6}.Debug|ARM.ActiveCfg = Debug|Any CPU
		{C25EF151-6334-4470-9B0F-EF850659E2C6}.Debug|ARM.Build.0 = Debug|Any CPU
		{C25EF151-6334-4470-9B0F-EF850659E2C6}.Debug|ARM64.ActiveCfg = Debug|Any CPU
		{C25EF151-6334-4470-9B0F-EF850659E2C6}.Debug|ARM64.Build.0 = Debug|Any CPU
		{C25EF151-6334-4470-9B0F-EF850659E2C6}.Debug|iPhone.ActiveCfg = Debug|Any CPU
		{C25EF151-6334-4470-9B0F-EF850659E2C6}.Debug|iPhone.Build.0 = Debug|Any CPU
		{C25EF151-6334-4470-9B0F-EF850659E2C6}.Debug|iPhoneSimulator.ActiveCfg = Debug|Any CPU
		{C25EF151-6334-4470-9B0F-EF850659E2C6}.Debug|iPhoneSimulator.Build.0 = Debug|Any CPU
		{C25EF151-6334-4470-9B0F-EF850659E2C6}.Debug|x64.ActiveCfg = Debug|Any CPU
		{C25EF151-6334-4470-9B0F-EF850659E2C6}.Debug|x64.Build.0 = Debug|Any CPU
		{C25EF151-6334-4470-9B0F-EF850659E2C6}.Debug|x86.ActiveCfg = Debug|Any CPU
		{C25EF151-6334-4470-9B0F-EF850659E2C6}.Debug|x86.Build.0 = Debug|Any CPU
		{C25EF151-6334-4470-9B0F-EF850659E2C6}.Release|Any CPU.ActiveCfg = Release|Any CPU
		{C25EF151-6334-4470-9B0F-EF850659E2C6}.Release|Any CPU.Build.0 = Release|Any CPU
		{C25EF151-6334-4470-9B0F-EF850659E2C6}.Release|ARM.ActiveCfg = Release|Any CPU
		{C25EF151-6334-4470-9B0F-EF850659E2C6}.Release|ARM.Build.0 = Release|Any CPU
		{C25EF151-6334-4470-9B0F-EF850659E2C6}.Release|ARM64.ActiveCfg = Release|Any CPU
		{C25EF151-6334-4470-9B0F-EF850659E2C6}.Release|ARM64.Build.0 = Release|Any CPU
		{C25EF151-6334-4470-9B0F-EF850659E2C6}.Release|iPhone.ActiveCfg = Release|Any CPU
		{C25EF151-6334-4470-9B0F-EF850659E2C6}.Release|iPhone.Build.0 = Release|Any CPU
		{C25EF151-6334-4470-9B0F-EF850659E2C6}.Release|iPhoneSimulator.ActiveCfg = Release|Any CPU
		{C25EF151-6334-4470-9B0F-EF850659E2C6}.Release|iPhoneSimulator.Build.0 = Release|Any CPU
		{C25EF151-6334-4470-9B0F-EF850659E2C6}.Release|x64.ActiveCfg = Release|Any CPU
		{C25EF151-6334-4470-9B0F-EF850659E2C6}.Release|x64.Build.0 = Release|Any CPU
		{C25EF151-6334-4470-9B0F-EF850659E2C6}.Release|x86.ActiveCfg = Release|Any CPU
		{C25EF151-6334-4470-9B0F-EF850659E2C6}.Release|x86.Build.0 = Release|Any CPU
		{329A758A-4DA8-4394-8EF9-7C57373D2F1A}.Debug|Any CPU.ActiveCfg = Debug|Any CPU
		{329A758A-4DA8-4394-8EF9-7C57373D2F1A}.Debug|Any CPU.Build.0 = Debug|Any CPU
		{329A758A-4DA8-4394-8EF9-7C57373D2F1A}.Debug|ARM.ActiveCfg = Debug|Any CPU
		{329A758A-4DA8-4394-8EF9-7C57373D2F1A}.Debug|ARM.Build.0 = Debug|Any CPU
		{329A758A-4DA8-4394-8EF9-7C57373D2F1A}.Debug|ARM64.ActiveCfg = Debug|Any CPU
		{329A758A-4DA8-4394-8EF9-7C57373D2F1A}.Debug|ARM64.Build.0 = Debug|Any CPU
		{329A758A-4DA8-4394-8EF9-7C57373D2F1A}.Debug|iPhone.ActiveCfg = Debug|Any CPU
		{329A758A-4DA8-4394-8EF9-7C57373D2F1A}.Debug|iPhone.Build.0 = Debug|Any CPU
		{329A758A-4DA8-4394-8EF9-7C57373D2F1A}.Debug|iPhoneSimulator.ActiveCfg = Debug|Any CPU
		{329A758A-4DA8-4394-8EF9-7C57373D2F1A}.Debug|iPhoneSimulator.Build.0 = Debug|Any CPU
		{329A758A-4DA8-4394-8EF9-7C57373D2F1A}.Debug|x64.ActiveCfg = Debug|Any CPU
		{329A758A-4DA8-4394-8EF9-7C57373D2F1A}.Debug|x64.Build.0 = Debug|Any CPU
		{329A758A-4DA8-4394-8EF9-7C57373D2F1A}.Debug|x86.ActiveCfg = Debug|Any CPU
		{329A758A-4DA8-4394-8EF9-7C57373D2F1A}.Debug|x86.Build.0 = Debug|Any CPU
		{329A758A-4DA8-4394-8EF9-7C57373D2F1A}.Release|Any CPU.ActiveCfg = Release|Any CPU
		{329A758A-4DA8-4394-8EF9-7C57373D2F1A}.Release|Any CPU.Build.0 = Release|Any CPU
		{329A758A-4DA8-4394-8EF9-7C57373D2F1A}.Release|ARM.ActiveCfg = Release|Any CPU
		{329A758A-4DA8-4394-8EF9-7C57373D2F1A}.Release|ARM.Build.0 = Release|Any CPU
		{329A758A-4DA8-4394-8EF9-7C57373D2F1A}.Release|ARM64.ActiveCfg = Release|Any CPU
		{329A758A-4DA8-4394-8EF9-7C57373D2F1A}.Release|ARM64.Build.0 = Release|Any CPU
		{329A758A-4DA8-4394-8EF9-7C57373D2F1A}.Release|iPhone.ActiveCfg = Release|Any CPU
		{329A758A-4DA8-4394-8EF9-7C57373D2F1A}.Release|iPhone.Build.0 = Release|Any CPU
		{329A758A-4DA8-4394-8EF9-7C57373D2F1A}.Release|iPhoneSimulator.ActiveCfg = Release|Any CPU
		{329A758A-4DA8-4394-8EF9-7C57373D2F1A}.Release|iPhoneSimulator.Build.0 = Release|Any CPU
		{329A758A-4DA8-4394-8EF9-7C57373D2F1A}.Release|x64.ActiveCfg = Release|Any CPU
		{329A758A-4DA8-4394-8EF9-7C57373D2F1A}.Release|x64.Build.0 = Release|Any CPU
		{329A758A-4DA8-4394-8EF9-7C57373D2F1A}.Release|x86.ActiveCfg = Release|Any CPU
		{329A758A-4DA8-4394-8EF9-7C57373D2F1A}.Release|x86.Build.0 = Release|Any CPU
		{9BECFFA2-A92B-4EAF-9901-94C42C9AF769}.Debug|Any CPU.ActiveCfg = Debug|x64
		{9BECFFA2-A92B-4EAF-9901-94C42C9AF769}.Debug|Any CPU.Build.0 = Debug|x64
		{9BECFFA2-A92B-4EAF-9901-94C42C9AF769}.Debug|Any CPU.Deploy.0 = Debug|x64
		{9BECFFA2-A92B-4EAF-9901-94C42C9AF769}.Debug|ARM.ActiveCfg = Debug|x64
		{9BECFFA2-A92B-4EAF-9901-94C42C9AF769}.Debug|ARM.Build.0 = Debug|x64
		{9BECFFA2-A92B-4EAF-9901-94C42C9AF769}.Debug|ARM.Deploy.0 = Debug|x64
		{9BECFFA2-A92B-4EAF-9901-94C42C9AF769}.Debug|ARM64.ActiveCfg = Debug|arm64
		{9BECFFA2-A92B-4EAF-9901-94C42C9AF769}.Debug|ARM64.Build.0 = Debug|arm64
		{9BECFFA2-A92B-4EAF-9901-94C42C9AF769}.Debug|ARM64.Deploy.0 = Debug|arm64
		{9BECFFA2-A92B-4EAF-9901-94C42C9AF769}.Debug|iPhone.ActiveCfg = Debug|x64
		{9BECFFA2-A92B-4EAF-9901-94C42C9AF769}.Debug|iPhone.Build.0 = Debug|x64
		{9BECFFA2-A92B-4EAF-9901-94C42C9AF769}.Debug|iPhone.Deploy.0 = Debug|x64
		{9BECFFA2-A92B-4EAF-9901-94C42C9AF769}.Debug|iPhoneSimulator.ActiveCfg = Debug|x64
		{9BECFFA2-A92B-4EAF-9901-94C42C9AF769}.Debug|iPhoneSimulator.Build.0 = Debug|x64
		{9BECFFA2-A92B-4EAF-9901-94C42C9AF769}.Debug|iPhoneSimulator.Deploy.0 = Debug|x64
		{9BECFFA2-A92B-4EAF-9901-94C42C9AF769}.Debug|x64.ActiveCfg = Debug|x64
		{9BECFFA2-A92B-4EAF-9901-94C42C9AF769}.Debug|x64.Build.0 = Debug|x64
		{9BECFFA2-A92B-4EAF-9901-94C42C9AF769}.Debug|x86.ActiveCfg = Debug|x86
		{9BECFFA2-A92B-4EAF-9901-94C42C9AF769}.Debug|x86.Build.0 = Debug|x86
		{9BECFFA2-A92B-4EAF-9901-94C42C9AF769}.Release|Any CPU.ActiveCfg = Release|x64
		{9BECFFA2-A92B-4EAF-9901-94C42C9AF769}.Release|Any CPU.Build.0 = Release|x64
		{9BECFFA2-A92B-4EAF-9901-94C42C9AF769}.Release|Any CPU.Deploy.0 = Release|x64
		{9BECFFA2-A92B-4EAF-9901-94C42C9AF769}.Release|ARM.ActiveCfg = Release|x64
		{9BECFFA2-A92B-4EAF-9901-94C42C9AF769}.Release|ARM.Build.0 = Release|x64
		{9BECFFA2-A92B-4EAF-9901-94C42C9AF769}.Release|ARM64.ActiveCfg = Release|arm64
		{9BECFFA2-A92B-4EAF-9901-94C42C9AF769}.Release|ARM64.Build.0 = Release|arm64
		{9BECFFA2-A92B-4EAF-9901-94C42C9AF769}.Release|iPhone.ActiveCfg = Release|x64
		{9BECFFA2-A92B-4EAF-9901-94C42C9AF769}.Release|iPhone.Build.0 = Release|x64
		{9BECFFA2-A92B-4EAF-9901-94C42C9AF769}.Release|iPhoneSimulator.ActiveCfg = Release|x64
		{9BECFFA2-A92B-4EAF-9901-94C42C9AF769}.Release|iPhoneSimulator.Build.0 = Release|x64
		{9BECFFA2-A92B-4EAF-9901-94C42C9AF769}.Release|x64.ActiveCfg = Release|x64
		{9BECFFA2-A92B-4EAF-9901-94C42C9AF769}.Release|x64.Build.0 = Release|x64
		{9BECFFA2-A92B-4EAF-9901-94C42C9AF769}.Release|x86.ActiveCfg = Release|x86
		{9BECFFA2-A92B-4EAF-9901-94C42C9AF769}.Release|x86.Build.0 = Release|x86
	EndGlobalSection
	GlobalSection(SolutionProperties) = preSolution
		HideSolutionNode = FALSE
	EndGlobalSection
	GlobalSection(NestedProjects) = preSolution
		{E6043127-29C7-42BF-A6A5-B661DDEE3938} = {AF5D5ED9-95A7-49C0-A83C-6ED4A748AD16}
		{8235683D-06BF-41B0-9D71-43C1AAF965F4} = {AF5D5ED9-95A7-49C0-A83C-6ED4A748AD16}
		{2189102C-8698-4760-A2C5-ADED686F84E2} = {E6043127-29C7-42BF-A6A5-B661DDEE3938}
		{BE9D14C8-11BF-45A9-9EAC-2D8AB9F1DBC9} = {E6043127-29C7-42BF-A6A5-B661DDEE3938}
		{C25EF151-6334-4470-9B0F-EF850659E2C6} = {E6043127-29C7-42BF-A6A5-B661DDEE3938}
		{329A758A-4DA8-4394-8EF9-7C57373D2F1A} = {E6043127-29C7-42BF-A6A5-B661DDEE3938}
		{9BECFFA2-A92B-4EAF-9901-94C42C9AF769} = {E6043127-29C7-42BF-A6A5-B661DDEE3938}
	EndGlobalSection
	GlobalSection(ExtensibilityGlobals) = postSolution
		SolutionGuid = {23494EA4-3BF6-4B4F-993F-E516E8AE7CA5}
	EndGlobalSection
EndGlobal
